
Microsoft Visual Studio Solution File, Format Version 12.00
# Visual Studio 15
VisualStudioVersion = 15.0.28307.168
MinimumVisualStudioVersion = 10.0.40219.1
Project("{9A19103F-16F7-4668-BE54-9A1E7A4F7556}") = "Serilog.Sinks.AppCenter", "src\Serilog.Sinks.AppCenter\Serilog.Sinks.AppCenter.csproj", "{ED8BD3F3-8DD3-4C48-973E-AF5DEEFD8C44}"
EndProject
Project("{2150E333-8FDC-42A3-9474-1A3956D46DE8}") = ".solution", ".solution", "{BBAA1553-AAF5-49A9-9D2A-F3794F6A7063}"
	ProjectSection(SolutionItems) = preProject
		LICENSE = LICENSE
		README.md = README.md
		.gitignore = .gitignore
		azure-pipelines.yml = azure-pipelines.yml
		build.ps1 = build.ps1
		build.sh = build.sh
		common.build.props = common.build.props
		common.build.targets = common.build.targets
		analyzers.ruleset = analyzers.ruleset
		NuGet.config = NuGet.config
		GitVersion.yml = GitVersion.yml
		stylecop.json = stylecop.json
	EndProjectSection
EndProject
Project("{2150E333-8FDC-42A3-9474-1A3956D46DE8}") = ".build", ".build", "{31E13C17-F139-417F-9684-AB940EB00143}"
EndProject
Project("{FAE04EC0-301F-11D3-BF4B-00C04F79EFBC}") = "Serilog.Sinks.AppCenter.Tests", "test\Serilog.Sinks.AppCenter.Tests\Serilog.Sinks.AppCenter.Tests.csproj", "{BAF75B38-B693-4666-9D01-6D52BAE16E49}"
EndProject
Project("{9344BDBB-3E7F-41FC-A0DD-8665D75EE146}") = ".build", ".build\.build.csproj", "{890FF304-D400-40C5-A6DF-47D5F6550537}"
EndProject
Project("{2150E333-8FDC-42A3-9474-1A3956D46DE8}") = "Sample", "Sample", "{616C916A-5E7C-4F4A-BAB1-E1817E5827BE}"
EndProject
Project("{FAE04EC0-301F-11D3-BF4B-00C04F79EFBC}") = "LoginSample", "sample\LoginSample\LoginSample.csproj", "{9DAACAF0-23F6-4644-9F4F-767C8E884A4B}"
EndProject
Project("{FAE04EC0-301F-11D3-BF4B-00C04F79EFBC}") = "LoginSample.Android", "sample\LoginSample.Android\LoginSample.Android.csproj", "{AAD7EF97-2CFA-4EE6-B6FB-DE5CF6A6AA34}"
EndProject
Project("{FAE04EC0-301F-11D3-BF4B-00C04F79EFBC}") = "LoginSample.iOS", "sample\LoginSample.iOS\LoginSample.iOS.csproj", "{09047536-AEDB-4ED1-841C-0B7944A252A6}"
EndProject
Global
	GlobalSection(SolutionConfigurationPlatforms) = preSolution
		Debug|Any CPU = Debug|Any CPU
		Release|Any CPU = Release|Any CPU
		Debug|iPhoneSimulator = Debug|iPhoneSimulator
		Release|iPhoneSimulator = Release|iPhoneSimulator
		Debug|iPhone = Debug|iPhone
		Release|iPhone = Release|iPhone
	EndGlobalSection
	GlobalSection(ProjectConfigurationPlatforms) = postSolution
		{ED8BD3F3-8DD3-4C48-973E-AF5DEEFD8C44}.Debug|Any CPU.ActiveCfg = Debug|Any CPU
		{ED8BD3F3-8DD3-4C48-973E-AF5DEEFD8C44}.Debug|Any CPU.Build.0 = Debug|Any CPU
		{ED8BD3F3-8DD3-4C48-973E-AF5DEEFD8C44}.Release|Any CPU.ActiveCfg = Release|Any CPU
		{ED8BD3F3-8DD3-4C48-973E-AF5DEEFD8C44}.Release|Any CPU.Build.0 = Release|Any CPU
		{ED8BD3F3-8DD3-4C48-973E-AF5DEEFD8C44}.Debug|iPhoneSimulator.ActiveCfg = Debug|Any CPU
		{ED8BD3F3-8DD3-4C48-973E-AF5DEEFD8C44}.Debug|iPhoneSimulator.Build.0 = Debug|Any CPU
		{ED8BD3F3-8DD3-4C48-973E-AF5DEEFD8C44}.Release|iPhoneSimulator.ActiveCfg = Release|Any CPU
		{ED8BD3F3-8DD3-4C48-973E-AF5DEEFD8C44}.Release|iPhoneSimulator.Build.0 = Release|Any CPU
		{ED8BD3F3-8DD3-4C48-973E-AF5DEEFD8C44}.Debug|iPhone.ActiveCfg = Debug|Any CPU
		{ED8BD3F3-8DD3-4C48-973E-AF5DEEFD8C44}.Debug|iPhone.Build.0 = Debug|Any CPU
		{ED8BD3F3-8DD3-4C48-973E-AF5DEEFD8C44}.Release|iPhone.ActiveCfg = Release|Any CPU
		{ED8BD3F3-8DD3-4C48-973E-AF5DEEFD8C44}.Release|iPhone.Build.0 = Release|Any CPU
		{BAF75B38-B693-4666-9D01-6D52BAE16E49}.Debug|Any CPU.ActiveCfg = Debug|Any CPU
		{BAF75B38-B693-4666-9D01-6D52BAE16E49}.Debug|Any CPU.Build.0 = Debug|Any CPU
		{BAF75B38-B693-4666-9D01-6D52BAE16E49}.Release|Any CPU.ActiveCfg = Release|Any CPU
		{BAF75B38-B693-4666-9D01-6D52BAE16E49}.Release|Any CPU.Build.0 = Release|Any CPU
		{BAF75B38-B693-4666-9D01-6D52BAE16E49}.Debug|iPhoneSimulator.ActiveCfg = Debug|Any CPU
		{BAF75B38-B693-4666-9D01-6D52BAE16E49}.Debug|iPhoneSimulator.Build.0 = Debug|Any CPU
		{BAF75B38-B693-4666-9D01-6D52BAE16E49}.Release|iPhoneSimulator.ActiveCfg = Release|Any CPU
		{BAF75B38-B693-4666-9D01-6D52BAE16E49}.Release|iPhoneSimulator.Build.0 = Release|Any CPU
		{BAF75B38-B693-4666-9D01-6D52BAE16E49}.Debug|iPhone.ActiveCfg = Debug|Any CPU
		{BAF75B38-B693-4666-9D01-6D52BAE16E49}.Debug|iPhone.Build.0 = Debug|Any CPU
		{BAF75B38-B693-4666-9D01-6D52BAE16E49}.Release|iPhone.ActiveCfg = Release|Any CPU
		{BAF75B38-B693-4666-9D01-6D52BAE16E49}.Release|iPhone.Build.0 = Release|Any CPU
		{890FF304-D400-40C5-A6DF-47D5F6550537}.Debug|Any CPU.ActiveCfg = Debug|Any CPU
		{890FF304-D400-40C5-A6DF-47D5F6550537}.Release|Any CPU.ActiveCfg = Release|Any CPU
		{890FF304-D400-40C5-A6DF-47D5F6550537}.Debug|iPhoneSimulator.ActiveCfg = Debug|Any CPU
		{890FF304-D400-40C5-A6DF-47D5F6550537}.Release|iPhoneSimulator.ActiveCfg = Release|Any CPU
		{890FF304-D400-40C5-A6DF-47D5F6550537}.Debug|iPhone.ActiveCfg = Debug|Any CPU
		{890FF304-D400-40C5-A6DF-47D5F6550537}.Release|iPhone.ActiveCfg = Release|Any CPU
		{9DAACAF0-23F6-4644-9F4F-767C8E884A4B}.Debug|Any CPU.ActiveCfg = Debug|Any CPU
		{9DAACAF0-23F6-4644-9F4F-767C8E884A4B}.Debug|Any CPU.Build.0 = Debug|Any CPU
		{9DAACAF0-23F6-4644-9F4F-767C8E884A4B}.Release|Any CPU.ActiveCfg = Release|Any CPU
		{9DAACAF0-23F6-4644-9F4F-767C8E884A4B}.Release|Any CPU.Build.0 = Release|Any CPU
		{9DAACAF0-23F6-4644-9F4F-767C8E884A4B}.Debug|iPhoneSimulator.ActiveCfg = Debug|Any CPU
		{9DAACAF0-23F6-4644-9F4F-767C8E884A4B}.Debug|iPhoneSimulator.Build.0 = Debug|Any CPU
		{9DAACAF0-23F6-4644-9F4F-767C8E884A4B}.Release|iPhoneSimulator.ActiveCfg = Release|Any CPU
		{9DAACAF0-23F6-4644-9F4F-767C8E884A4B}.Release|iPhoneSimulator.Build.0 = Release|Any CPU
		{9DAACAF0-23F6-4644-9F4F-767C8E884A4B}.Debug|iPhone.ActiveCfg = Debug|Any CPU
		{9DAACAF0-23F6-4644-9F4F-767C8E884A4B}.Debug|iPhone.Build.0 = Debug|Any CPU
		{9DAACAF0-23F6-4644-9F4F-767C8E884A4B}.Release|iPhone.ActiveCfg = Release|Any CPU
		{9DAACAF0-23F6-4644-9F4F-767C8E884A4B}.Release|iPhone.Build.0 = Release|Any CPU
		{AAD7EF97-2CFA-4EE6-B6FB-DE5CF6A6AA34}.Debug|Any CPU.ActiveCfg = Debug|Any CPU
		{AAD7EF97-2CFA-4EE6-B6FB-DE5CF6A6AA34}.Debug|Any CPU.Build.0 = Debug|Any CPU
		{AAD7EF97-2CFA-4EE6-B6FB-DE5CF6A6AA34}.Release|Any CPU.ActiveCfg = Release|Any CPU
		{AAD7EF97-2CFA-4EE6-B6FB-DE5CF6A6AA34}.Release|Any CPU.Build.0 = Release|Any CPU
		{AAD7EF97-2CFA-4EE6-B6FB-DE5CF6A6AA34}.Debug|iPhoneSimulator.ActiveCfg = Debug|Any CPU
		{AAD7EF97-2CFA-4EE6-B6FB-DE5CF6A6AA34}.Debug|iPhoneSimulator.Build.0 = Debug|Any CPU
		{AAD7EF97-2CFA-4EE6-B6FB-DE5CF6A6AA34}.Release|iPhoneSimulator.ActiveCfg = Release|Any CPU
		{AAD7EF97-2CFA-4EE6-B6FB-DE5CF6A6AA34}.Release|iPhoneSimulator.Build.0 = Release|Any CPU
		{AAD7EF97-2CFA-4EE6-B6FB-DE5CF6A6AA34}.Debug|iPhone.ActiveCfg = Debug|Any CPU
		{AAD7EF97-2CFA-4EE6-B6FB-DE5CF6A6AA34}.Debug|iPhone.Build.0 = Debug|Any CPU
		{AAD7EF97-2CFA-4EE6-B6FB-DE5CF6A6AA34}.Release|iPhone.ActiveCfg = Release|Any CPU
		{AAD7EF97-2CFA-4EE6-B6FB-DE5CF6A6AA34}.Release|iPhone.Build.0 = Release|Any CPU
		{09047536-AEDB-4ED1-841C-0B7944A252A6}.Debug|Any CPU.ActiveCfg = Debug|iPhoneSimulator
		{09047536-AEDB-4ED1-841C-0B7944A252A6}.Debug|Any CPU.Build.0 = Debug|iPhoneSimulator
		{09047536-AEDB-4ED1-841C-0B7944A252A6}.Release|Any CPU.ActiveCfg = Release|iPhoneSimulator
		{09047536-AEDB-4ED1-841C-0B7944A252A6}.Release|Any CPU.Build.0 = Release|iPhoneSimulator
		{09047536-AEDB-4ED1-841C-0B7944A252A6}.Debug|iPhoneSimulator.ActiveCfg = Debug|iPhoneSimulator
		{09047536-AEDB-4ED1-841C-0B7944A252A6}.Debug|iPhoneSimulator.Build.0 = Debug|iPhoneSimulator
		{09047536-AEDB-4ED1-841C-0B7944A252A6}.Release|iPhoneSimulator.ActiveCfg = Release|iPhoneSimulator
		{09047536-AEDB-4ED1-841C-0B7944A252A6}.Release|iPhoneSimulator.Build.0 = Release|iPhoneSimulator
		{09047536-AEDB-4ED1-841C-0B7944A252A6}.Debug|iPhone.ActiveCfg = Debug|iPhone
		{09047536-AEDB-4ED1-841C-0B7944A252A6}.Debug|iPhone.Build.0 = Debug|iPhone
		{09047536-AEDB-4ED1-841C-0B7944A252A6}.Release|iPhone.ActiveCfg = Release|iPhone
		{09047536-AEDB-4ED1-841C-0B7944A252A6}.Release|iPhone.Build.0 = Release|iPhone
	EndGlobalSection
	GlobalSection(SolutionProperties) = preSolution
		HideSolutionNode = FALSE
	EndGlobalSection
	GlobalSection(ExtensibilityGlobals) = postSolution
		SolutionGuid = {64C79C8A-0EAB-4349-B8BE-7092FDA5325E}
	EndGlobalSection
	GlobalSection(NestedProjects) = preSolution
		{890FF304-D400-40C5-A6DF-47D5F6550537} = {31E13C17-F139-417F-9684-AB940EB00143}
		{9DAACAF0-23F6-4644-9F4F-767C8E884A4B} = {616C916A-5E7C-4F4A-BAB1-E1817E5827BE}
		{AAD7EF97-2CFA-4EE6-B6FB-DE5CF6A6AA34} = {616C916A-5E7C-4F4A-BAB1-E1817E5827BE}
		{09047536-AEDB-4ED1-841C-0B7944A252A6} = {616C916A-5E7C-4F4A-BAB1-E1817E5827BE}
	EndGlobalSection
EndGlobal
